
Microsoft Visual Studio Solution File, Format Version 12.00
# Visual Studio Version 16
VisualStudioVersion = 16.0.809.5
MinimumVisualStudioVersion = 10.0.40219.1
Project("{FAE04EC0-301F-11D3-BF4B-00C04F79EFBC}") = "MovieC", "MovieC\MovieC.csproj", "{E699A93D-87EB-44D9-ACFE-AD33602F80FC}"
EndProject
Global
	GlobalSection(SolutionConfigurationPlatforms) = preSolution
		Debug|Any CPU = Debug|Any CPU
		Release|Any CPU = Release|Any CPU
	EndGlobalSection
	GlobalSection(ProjectConfigurationPlatforms) = postSolution
		{E699A93D-87EB-44D9-ACFE-AD33602F80FC}.Debug|Any CPU.ActiveCfg = Debug|Any CPU
		{E699A93D-87EB-44D9-ACFE-AD33602F80FC}.Debug|Any CPU.Build.0 = Debug|Any CPU
		{E699A93D-87EB-44D9-ACFE-AD33602F80FC}.Release|Any CPU.ActiveCfg = Release|Any CPU
		{E699A93D-87EB-44D9-ACFE-AD33602F80FC}.Release|Any CPU.Build.0 = Release|Any CPU
	EndGlobalSection
	GlobalSection(SolutionProperties) = preSolution
		HideSolutionNode = FALSE
	EndGlobalSection
	GlobalSection(ExtensibilityGlobals) = postSolution
		SolutionGuid = {F765D58C-1C58-46E0-A84A-FC1A45EE1452}
	EndGlobalSection
EndGlobal
